
Microsoft Visual Studio Solution File, Format Version 12.00
# Visual Studio Version 17
VisualStudioVersion = 17.0.31903.59
MinimumVisualStudioVersion = 10.0.40219.1
Project("{9A19103F-16F7-4668-BE54-9A1E7A4F7556}") = "Gateway", "Gateway\Gateway.csproj", "{7EDA2DB2-E7A9-4CD4-B59E-E347675FD2AF}"
EndProject
Project("{9A19103F-16F7-4668-BE54-9A1E7A4F7556}") = "WebAPI1", "WebAPI1\WebAPI1.csproj", "{D649C662-B456-4E38-A0C2-FFC9A341D798}"
EndProject
Project("{9A19103F-16F7-4668-BE54-9A1E7A4F7556}") = "Service.Common", "Service.Common\Service.Common.csproj", "{8CF6A51E-88CF-45CC-B984-2511C556C972}"
EndProject
Project("{9A19103F-16F7-4668-BE54-9A1E7A4F7556}") = "WebAPI2", "WebAPI2\WebAPI2.csproj", "{925482A8-0960-4138-BF2C-F57E649E8145}"
EndProject
Project("{2150E333-8FDC-42A3-9474-1A3956D46DE8}") = "Test1", "Test1", "{AFDED8B1-910B-47A4-BC14-279E9D3E77DB}"
EndProject
Project("{2150E333-8FDC-42A3-9474-1A3956D46DE8}") = "Test2", "Test2", "{003911A2-0DBB-4CED-85EF-FA3A69BB0DA9}"
EndProject
Project("{9A19103F-16F7-4668-BE54-9A1E7A4F7556}") = "WebAPI1_Interface", "WebAPI1_Interface\WebAPI1_Interface.csproj", "{CE5B8065-6985-4E85-99F5-0D13E3FC4736}"
EndProject
Project("{9A19103F-16F7-4668-BE54-9A1E7A4F7556}") = "WebAPI1_Service", "WebAPI1_Service\WebAPI1_Service.csproj", "{31CFFD79-3476-4E44-95D2-B8749381E0ED}"
EndProject
Project("{9A19103F-16F7-4668-BE54-9A1E7A4F7556}") = "WebAPI2_Service", "WebAPI2_Service\WebAPI2_Service.csproj", "{D6A392C1-6591-4BC0-B39E-5A6575C47451}"
EndProject
Project("{9A19103F-16F7-4668-BE54-9A1E7A4F7556}") = "WebAPI2_Interface", "WebAPI2_Interface\WebAPI2_Interface.csproj", "{ECF00EA8-9780-4ADD-8762-B47038C16204}"
EndProject
Project("{FAE04EC0-301F-11D3-BF4B-00C04F79EFBC}") = "SocketCommon", "Socket.Common\SocketCommon.csproj", "{537186AE-70AA-4B95-A55E-87BE325C772C}"
EndProject
Global
	GlobalSection(SolutionConfigurationPlatforms) = preSolution
		Debug|Any CPU = Debug|Any CPU
		Release|Any CPU = Release|Any CPU
	EndGlobalSection
	GlobalSection(ProjectConfigurationPlatforms) = postSolution
		{7EDA2DB2-E7A9-4CD4-B59E-E347675FD2AF}.Debug|Any CPU.ActiveCfg = Debug|Any CPU
		{7EDA2DB2-E7A9-4CD4-B59E-E347675FD2AF}.Debug|Any CPU.Build.0 = Debug|Any CPU
		{7EDA2DB2-E7A9-4CD4-B59E-E347675FD2AF}.Release|Any CPU.ActiveCfg = Release|Any CPU
		{7EDA2DB2-E7A9-4CD4-B59E-E347675FD2AF}.Release|Any CPU.Build.0 = Release|Any CPU
		{D649C662-B456-4E38-A0C2-FFC9A341D798}.Debug|Any CPU.ActiveCfg = Debug|Any CPU
		{D649C662-B456-4E38-A0C2-FFC9A341D798}.Debug|Any CPU.Build.0 = Debug|Any CPU
		{D649C662-B456-4E38-A0C2-FFC9A341D798}.Release|Any CPU.ActiveCfg = Release|Any CPU
		{D649C662-B456-4E38-A0C2-FFC9A341D798}.Release|Any CPU.Build.0 = Release|Any CPU
		{8CF6A51E-88CF-45CC-B984-2511C556C972}.Debug|Any CPU.ActiveCfg = Debug|Any CPU
		{8CF6A51E-88CF-45CC-B984-2511C556C972}.Debug|Any CPU.Build.0 = Debug|Any CPU
		{8CF6A51E-88CF-45CC-B984-2511C556C972}.Release|Any CPU.ActiveCfg = Release|Any CPU
		{8CF6A51E-88CF-45CC-B984-2511C556C972}.Release|Any CPU.Build.0 = Release|Any CPU
		{925482A8-0960-4138-BF2C-F57E649E8145}.Debug|Any CPU.ActiveCfg = Debug|Any CPU
		{925482A8-0960-4138-BF2C-F57E649E8145}.Debug|Any CPU.Build.0 = Debug|Any CPU
		{925482A8-0960-4138-BF2C-F57E649E8145}.Release|Any CPU.ActiveCfg = Release|Any CPU
		{925482A8-0960-4138-BF2C-F57E649E8145}.Release|Any CPU.Build.0 = Release|Any CPU
		{CE5B8065-6985-4E85-99F5-0D13E3FC4736}.Debug|Any CPU.ActiveCfg = Debug|Any CPU
		{CE5B8065-6985-4E85-99F5-0D13E3FC4736}.Debug|Any CPU.Build.0 = Debug|Any CPU
		{CE5B8065-6985-4E85-99F5-0D13E3FC4736}.Release|Any CPU.ActiveCfg = Release|Any CPU
		{CE5B8065-6985-4E85-99F5-0D13E3FC4736}.Release|Any CPU.Build.0 = Release|Any CPU
		{31CFFD79-3476-4E44-95D2-B8749381E0ED}.Debug|Any CPU.ActiveCfg = Debug|Any CPU
		{31CFFD79-3476-4E44-95D2-B8749381E0ED}.Debug|Any CPU.Build.0 = Debug|Any CPU
		{31CFFD79-3476-4E44-95D2-B8749381E0ED}.Release|Any CPU.ActiveCfg = Release|Any CPU
		{31CFFD79-3476-4E44-95D2-B8749381E0ED}.Release|Any CPU.Build.0 = Release|Any CPU
		{D6A392C1-6591-4BC0-B39E-5A6575C47451}.Debug|Any CPU.ActiveCfg = Debug|Any CPU
		{D6A392C1-6591-4BC0-B39E-5A6575C47451}.Debug|Any CPU.Build.0 = Debug|Any CPU
		{D6A392C1-6591-4BC0-B39E-5A6575C47451}.Release|Any CPU.ActiveCfg = Release|Any CPU
		{D6A392C1-6591-4BC0-B39E-5A6575C47451}.Release|Any CPU.Build.0 = Release|Any CPU
		{ECF00EA8-9780-4ADD-8762-B47038C16204}.Debug|Any CPU.ActiveCfg = Debug|Any CPU
		{ECF00EA8-9780-4ADD-8762-B47038C16204}.Debug|Any CPU.Build.0 = Debug|Any CPU
		{ECF00EA8-9780-4ADD-8762-B47038C16204}.Release|Any CPU.ActiveCfg = Release|Any CPU
		{ECF00EA8-9780-4ADD-8762-B47038C16204}.Release|Any CPU.Build.0 = Release|Any CPU
		{537186AE-70AA-4B95-A55E-87BE325C772C}.Debug|Any CPU.ActiveCfg = Debug|Any CPU
		{537186AE-70AA-4B95-A55E-87BE325C772C}.Debug|Any CPU.Build.0 = Debug|Any CPU
		{537186AE-70AA-4B95-A55E-87BE325C772C}.Release|Any CPU.ActiveCfg = Release|Any CPU
		{537186AE-70AA-4B95-A55E-87BE325C772C}.Release|Any CPU.Build.0 = Release|Any CPU
	EndGlobalSection
	GlobalSection(SolutionProperties) = preSolution
		HideSolutionNode = FALSE
	EndGlobalSection
	GlobalSection(NestedProjects) = preSolution
		{D649C662-B456-4E38-A0C2-FFC9A341D798} = {AFDED8B1-910B-47A4-BC14-279E9D3E77DB}
		{925482A8-0960-4138-BF2C-F57E649E8145} = {003911A2-0DBB-4CED-85EF-FA3A69BB0DA9}
		{CE5B8065-6985-4E85-99F5-0D13E3FC4736} = {AFDED8B1-910B-47A4-BC14-279E9D3E77DB}
		{31CFFD79-3476-4E44-95D2-B8749381E0ED} = {AFDED8B1-910B-47A4-BC14-279E9D3E77DB}
		{D6A392C1-6591-4BC0-B39E-5A6575C47451} = {003911A2-0DBB-4CED-85EF-FA3A69BB0DA9}
		{ECF00EA8-9780-4ADD-8762-B47038C16204} = {003911A2-0DBB-4CED-85EF-FA3A69BB0DA9}
	EndGlobalSection
	GlobalSection(ExtensibilityGlobals) = postSolution
		SolutionGuid = {770D4B9B-C0F7-41BC-98B2-52FA4DC581C9}
	EndGlobalSection
EndGlobal
